// !$*UTF8*$!
{
	archiveVersion = 1;
	classes = {
	};
	objectVersion = 46;
	objects = {

/* Begin PBXBuildFile section */
		842156F815DBE893004DAD58 /* UIKit.framework in Frameworks */ = {isa = PBXBuildFile; fileRef = 842156F715DBE893004DAD58 /* UIKit.framework */; };
		842156FA15DBE893004DAD58 /* Foundation.framework in Frameworks */ = {isa = PBXBuildFile; fileRef = 842156F915DBE893004DAD58 /* Foundation.framework */; };
		842156FC15DBE893004DAD58 /* CoreGraphics.framework in Frameworks */ = {isa = PBXBuildFile; fileRef = 842156FB15DBE893004DAD58 /* CoreGraphics.framework */; };
		8421570215DBE893004DAD58 /* InfoPlist.strings in Resources */ = {isa = PBXBuildFile; fileRef = 8421570015DBE893004DAD58 /* InfoPlist.strings */; };
		8421570415DBE893004DAD58 /* main.m in Sources */ = {isa = PBXBuildFile; fileRef = 8421570315DBE893004DAD58 /* main.m */; };
		8421570815DBE893004DAD58 /* AppDelegate.m in Sources */ = {isa = PBXBuildFile; fileRef = 8421570715DBE893004DAD58 /* AppDelegate.m */; };
		8421570B15DBE893004DAD58 /* MainStoryboard.storyboard in Resources */ = {isa = PBXBuildFile; fileRef = 8421570915DBE893004DAD58 /* MainStoryboard.storyboard */; };
		8421570E15DBE893004DAD58 /* ViewController.m in Sources */ = {isa = PBXBuildFile; fileRef = 8421570D15DBE893004DAD58 /* ViewController.m */; };
		8421571515DBE8A3004DAD58 /* libsqlite3.0.dylib in Frameworks */ = {isa = PBXBuildFile; fileRef = 8421571415DBE8A3004DAD58 /* libsqlite3.0.dylib */; };
		8421571715DBE8C3004DAD58 /* ArticleFiles.sqlite in Resources */ = {isa = PBXBuildFile; fileRef = 8421571615DBE8C3004DAD58 /* ArticleFiles.sqlite */; };
		8421571B15DBE936004DAD58 /* File.m in Sources */ = {isa = PBXBuildFile; fileRef = 8421571A15DBE936004DAD58 /* File.m */; };
		8421571E15DBEADF004DAD58 /* FileList.m in Sources */ = {isa = PBXBuildFile; fileRef = 8421571D15DBEADF004DAD58 /* FileList.m */; };
		849A2CBA15DD390E008BA53C /* GuitarChords2.mp3 in Resources */ = {isa = PBXBuildFile; fileRef = 849A2CB915DD390E008BA53C /* GuitarChords2.mp3 */; };
		84A7948615DC31B400B193E3 /* LoaM_Icon.png in Resources */ = {isa = PBXBuildFile; fileRef = 84A7948515DC31B400B193E3 /* LoaM_Icon.png */; };
		84A7948815DC345A00B193E3 /* MediaPlayer.framework in Frameworks */ = {isa = PBXBuildFile; fileRef = 84A7948715DC345A00B193E3 /* MediaPlayer.framework */; };
		84A7948E15DC34B400B193E3 /* QuartzCore.framework in Frameworks */ = {isa = PBXBuildFile; fileRef = 84A7948D15DC34B400B193E3 /* QuartzCore.framework */; };
		84A7949015DC34BD00B193E3 /* CoreMedia.framework in Frameworks */ = {isa = PBXBuildFile; fileRef = 84A7948F15DC34BD00B193E3 /* CoreMedia.framework */; };
		84A7949915DC374100B193E3 /* video_1.mp4 in Resources */ = {isa = PBXBuildFile; fileRef = 84A7949815DC374100B193E3 /* video_1.mp4 */; };
		84A7949B15DC3EFF00B193E3 /* AVFoundation.framework in Frameworks */ = {isa = PBXBuildFile; fileRef = 84A7949A15DC3EFF00B193E3 /* AVFoundation.framework */; };
/* End PBXBuildFile section */

/* Begin PBXFileReference section */
		842156F315DBE893004DAD58 /* ArticleLayout.app */ = {isa = PBXFileReference; explicitFileType = wrapper.application; includeInIndex = 0; path = ArticleLayout.app; sourceTree = BUILT_PRODUCTS_DIR; };
		842156F715DBE893004DAD58 /* UIKit.framework */ = {isa = PBXFileReference; lastKnownFileType = wrapper.framework; name = UIKit.framework; path = System/Library/Frameworks/UIKit.framework; sourceTree = SDKROOT; };
		842156F915DBE893004DAD58 /* Foundation.framework */ = {isa = PBXFileReference; lastKnownFileType = wrapper.framework; name = Foundation.framework; path = System/Library/Frameworks/Foundation.framework; sourceTree = SDKROOT; };
		842156FB15DBE893004DAD58 /* CoreGraphics.framework */ = {isa = PBXFileReference; lastKnownFileType = wrapper.framework; name = CoreGraphics.framework; path = System/Library/Frameworks/CoreGraphics.framework; sourceTree = SDKROOT; };
		842156FF15DBE893004DAD58 /* ArticleLayout-Info.plist */ = {isa = PBXFileReference; lastKnownFileType = text.plist.xml; path = "ArticleLayout-Info.plist"; sourceTree = "<group>"; };
		8421570115DBE893004DAD58 /* en */ = {isa = PBXFileReference; lastKnownFileType = text.plist.strings; name = en; path = en.lproj/InfoPlist.strings; sourceTree = "<group>"; };
		8421570315DBE893004DAD58 /* main.m */ = {isa = PBXFileReference; lastKnownFileType = sourcecode.c.objc; path = main.m; sourceTree = "<group>"; };
		8421570515DBE893004DAD58 /* ArticleLayout-Prefix.pch */ = {isa = PBXFileReference; lastKnownFileType = sourcecode.c.h; path = "ArticleLayout-Prefix.pch"; sourceTree = "<group>"; };
		8421570615DBE893004DAD58 /* AppDelegate.h */ = {isa = PBXFileReference; lastKnownFileType = sourcecode.c.h; path = AppDelegate.h; sourceTree = "<group>"; };
		8421570715DBE893004DAD58 /* AppDelegate.m */ = {isa = PBXFileReference; lastKnownFileType = sourcecode.c.objc; path = AppDelegate.m; sourceTree = "<group>"; };
		8421570A15DBE893004DAD58 /* en */ = {isa = PBXFileReference; lastKnownFileType = file.storyboard; name = en; path = en.lproj/MainStoryboard.storyboard; sourceTree = "<group>"; };
		8421570C15DBE893004DAD58 /* ViewController.h */ = {isa = PBXFileReference; lastKnownFileType = sourcecode.c.h; path = ViewController.h; sourceTree = "<group>"; };
		8421570D15DBE893004DAD58 /* ViewController.m */ = {isa = PBXFileReference; lastKnownFileType = sourcecode.c.objc; path = ViewController.m; sourceTree = "<group>"; };
		8421571415DBE8A3004DAD58 /* libsqlite3.0.dylib */ = {isa = PBXFileReference; lastKnownFileType = "compiled.mach-o.dylib"; name = libsqlite3.0.dylib; path = usr/lib/libsqlite3.0.dylib; sourceTree = SDKROOT; };
		8421571615DBE8C3004DAD58 /* ArticleFiles.sqlite */ = {isa = PBXFileReference; lastKnownFileType = file; name = ArticleFiles.sqlite; path = ../../ArticleFiles.sqlite; sourceTree = "<group>"; };
		8421571915DBE936004DAD58 /* File.h */ = {isa = PBXFileReference; fileEncoding = 4; lastKnownFileType = sourcecode.c.h; path = File.h; sourceTree = SOURCE_ROOT; };
		8421571A15DBE936004DAD58 /* File.m */ = {isa = PBXFileReference; fileEncoding = 4; lastKnownFileType = sourcecode.c.objc; path = File.m; sourceTree = SOURCE_ROOT; };
		8421571C15DBEADF004DAD58 /* FileList.h */ = {isa = PBXFileReference; fileEncoding = 4; lastKnownFileType = sourcecode.c.h; path = FileList.h; sourceTree = SOURCE_ROOT; };
		8421571D15DBEADF004DAD58 /* FileList.m */ = {isa = PBXFileReference; fileEncoding = 4; lastKnownFileType = sourcecode.c.objc; path = FileList.m; sourceTree = SOURCE_ROOT; };
		849A2CB915DD390E008BA53C /* GuitarChords2.mp3 */ = {isa = PBXFileReference; lastKnownFileType = audio.mp3; name = GuitarChords2.mp3; path = "../../../../../../../Applications/Scratch 1.4/Media/Sounds/Music Loops/GuitarChords2.mp3"; sourceTree = "<group>"; };
		84A7948515DC31B400B193E3 /* LoaM_Icon.png */ = {isa = PBXFileReference; lastKnownFileType = image.png; name = LoaM_Icon.png; path = "../../../../../Desktop/Foster Summer 2012/Wiki Icons/LoaM_Icon.png"; sourceTree = "<group>"; };
		84A7948715DC345A00B193E3 /* MediaPlayer.framework */ = {isa = PBXFileReference; lastKnownFileType = wrapper.framework; name = MediaPlayer.framework; path = System/Library/Frameworks/MediaPlayer.framework; sourceTree = SDKROOT; };
		84A7948D15DC34B400B193E3 /* QuartzCore.framework */ = {isa = PBXFileReference; lastKnownFileType = wrapper.framework; name = QuartzCore.framework; path = System/Library/Frameworks/QuartzCore.framework; sourceTree = SDKROOT; };
		84A7948F15DC34BD00B193E3 /* CoreMedia.framework */ = {isa = PBXFileReference; lastKnownFileType = wrapper.framework; name = CoreMedia.framework; path = System/Library/Frameworks/CoreMedia.framework; sourceTree = SDKROOT; };
		84A7949815DC374100B193E3 /* video_1.mp4 */ = {isa = PBXFileReference; lastKnownFileType = file; name = video_1.mp4; path = "../../../../../Desktop/Foster Summer 2012/Hockey/MyVideoPlayer/video_1.mp4"; sourceTree = "<group>"; };
		84A7949A15DC3EFF00B193E3 /* AVFoundation.framework */ = {isa = PBXFileReference; lastKnownFileType = wrapper.framework; name = AVFoundation.framework; path = System/Library/Frameworks/AVFoundation.framework; sourceTree = SDKROOT; };
/* End PBXFileReference section */

/* Begin PBXFrameworksBuildPhase section */
		842156F015DBE893004DAD58 /* Frameworks */ = {
			isa = PBXFrameworksBuildPhase;
			buildActionMask = 2147483647;
			files = (
				84A7949B15DC3EFF00B193E3 /* AVFoundation.framework in Frameworks */,
				84A7949015DC34BD00B193E3 /* CoreMedia.framework in Frameworks */,
				84A7948E15DC34B400B193E3 /* QuartzCore.framework in Frameworks */,
				84A7948815DC345A00B193E3 /* MediaPlayer.framework in Frameworks */,
				8421571515DBE8A3004DAD58 /* libsqlite3.0.dylib in Frameworks */,
				842156F815DBE893004DAD58 /* UIKit.framework in Frameworks */,
				842156FA15DBE893004DAD58 /* Foundation.framework in Frameworks */,
				842156FC15DBE893004DAD58 /* CoreGraphics.framework in Frameworks */,
			);
			runOnlyForDeploymentPostprocessing = 0;
		};
/* End PBXFrameworksBuildPhase section */

/* Begin PBXGroup section */
		842156E815DBE893004DAD58 = {
			isa = PBXGroup;
			children = (
				8421571415DBE8A3004DAD58 /* libsqlite3.0.dylib */,
				842156FD15DBE893004DAD58 /* ArticleLayout */,
				842156F615DBE893004DAD58 /* Frameworks */,
				842156F415DBE893004DAD58 /* Products */,
			);
			sourceTree = "<group>";
		};
		842156F415DBE893004DAD58 /* Products */ = {
			isa = PBXGroup;
			children = (
				842156F315DBE893004DAD58 /* ArticleLayout.app */,
			);
			name = Products;
			sourceTree = "<group>";
		};
		842156F615DBE893004DAD58 /* Frameworks */ = {
			isa = PBXGroup;
			children = (
				84A7949A15DC3EFF00B193E3 /* AVFoundation.framework */,
				84A7948F15DC34BD00B193E3 /* CoreMedia.framework */,
				84A7948D15DC34B400B193E3 /* QuartzCore.framework */,
				84A7948715DC345A00B193E3 /* MediaPlayer.framework */,
				842156F715DBE893004DAD58 /* UIKit.framework */,
				842156F915DBE893004DAD58 /* Foundation.framework */,
				842156FB15DBE893004DAD58 /* CoreGraphics.framework */,
			);
			name = Frameworks;
			sourceTree = "<group>";
		};
		842156FD15DBE893004DAD58 /* ArticleLayout */ = {
			isa = PBXGroup;
			children = (
				8421571615DBE8C3004DAD58 /* ArticleFiles.sqlite */,
				8421571815DBE8D9004DAD58 /* Model */,
				8421570615DBE893004DAD58 /* AppDelegate.h */,
				8421570715DBE893004DAD58 /* AppDelegate.m */,
				8421570915DBE893004DAD58 /* MainStoryboard.storyboard */,
				8421570C15DBE893004DAD58 /* ViewController.h */,
				8421570D15DBE893004DAD58 /* ViewController.m */,
				842156FE15DBE893004DAD58 /* Supporting Files */,
			);
			path = ArticleLayout;
			sourceTree = "<group>";
		};
		842156FE15DBE893004DAD58 /* Supporting Files */ = {
			isa = PBXGroup;
			children = (
				849A2CB915DD390E008BA53C /* GuitarChords2.mp3 */,
				84A7949815DC374100B193E3 /* video_1.mp4 */,
				84A7948515DC31B400B193E3 /* LoaM_Icon.png */,
				842156FF15DBE893004DAD58 /* ArticleLayout-Info.plist */,
				8421570015DBE893004DAD58 /* InfoPlist.strings */,
				8421570315DBE893004DAD58 /* main.m */,
				8421570515DBE893004DAD58 /* ArticleLayout-Prefix.pch */,
			);
			name = "Supporting Files";
			sourceTree = "<group>";
		};
		8421571815DBE8D9004DAD58 /* Model */ = {
			isa = PBXGroup;
			children = (
				8421571915DBE936004DAD58 /* File.h */,
				8421571A15DBE936004DAD58 /* File.m */,
				8421571C15DBEADF004DAD58 /* FileList.h */,
				8421571D15DBEADF004DAD58 /* FileList.m */,
			);
			name = Model;
			sourceTree = "<group>";
		};
/* End PBXGroup section */

/* Begin PBXNativeTarget section */
		842156F215DBE893004DAD58 /* ArticleLayout */ = {
			isa = PBXNativeTarget;
			buildConfigurationList = 8421571115DBE893004DAD58 /* Build configuration list for PBXNativeTarget "ArticleLayout" */;
			buildPhases = (
				842156EF15DBE893004DAD58 /* Sources */,
				842156F015DBE893004DAD58 /* Frameworks */,
				842156F115DBE893004DAD58 /* Resources */,
			);
			buildRules = (
			);
			dependencies = (
			);
			name = ArticleLayout;
			productName = ArticleLayout;
			productReference = 842156F315DBE893004DAD58 /* ArticleLayout.app */;
			productType = "com.apple.product-type.application";
		};
/* End PBXNativeTarget section */

/* Begin PBXProject section */
		842156EA15DBE893004DAD58 /* Project object */ = {
			isa = PBXProject;
			attributes = {
				LastUpgradeCheck = 0440;
				ORGANIZATIONNAME = asap;
			};
			buildConfigurationList = 842156ED15DBE893004DAD58 /* Build configuration list for PBXProject "ArticleLayout" */;
			compatibilityVersion = "Xcode 3.2";
			developmentRegion = English;
			hasScannedForEncodings = 0;
			knownRegions = (
				en,
			);
			mainGroup = 842156E815DBE893004DAD58;
			productRefGroup = 842156F415DBE893004DAD58 /* Products */;
			projectDirPath = "";
			projectRoot = "";
			targets = (
				842156F215DBE893004DAD58 /* ArticleLayout */,
			);
		};
/* End PBXProject section */

/* Begin PBXResourcesBuildPhase section */
		842156F115DBE893004DAD58 /* Resources */ = {
			isa = PBXResourcesBuildPhase;
			buildActionMask = 2147483647;
			files = (
				8421570215DBE893004DAD58 /* InfoPlist.strings in Resources */,
				8421570B15DBE893004DAD58 /* MainStoryboard.storyboard in Resources */,
				8421571715DBE8C3004DAD58 /* ArticleFiles.sqlite in Resources */,
				84A7948615DC31B400B193E3 /* LoaM_Icon.png in Resources */,
				84A7949915DC374100B193E3 /* video_1.mp4 in Resources */,
				849A2CBA15DD390E008BA53C /* GuitarChords2.mp3 in Resources */,
			);
			runOnlyForDeploymentPostprocessing = 0;
		};
/* End PBXResourcesBuildPhase section */

/* Begin PBXSourcesBuildPhase section */
		842156EF15DBE893004DAD58 /* Sources */ = {
			isa = PBXSourcesBuildPhase;
			buildActionMask = 2147483647;
			files = (
				8421570415DBE893004DAD58 /* main.m in Sources */,
				8421570815DBE893004DAD58 /* AppDelegate.m in Sources */,
				8421570E15DBE893004DAD58 /* ViewController.m in Sources */,
				8421571B15DBE936004DAD58 /* File.m in Sources */,
				8421571E15DBEADF004DAD58 /* FileList.m in Sources */,
			);
			runOnlyForDeploymentPostprocessing = 0;
		};
/* End PBXSourcesBuildPhase section */

/* Begin PBXVariantGroup section */
		8421570015DBE893004DAD58 /* InfoPlist.strings */ = {
			isa = PBXVariantGroup;
			children = (
				8421570115DBE893004DAD58 /* en */,
			);
			name = InfoPlist.strings;
			sourceTree = "<group>";
		};
		8421570915DBE893004DAD58 /* MainStoryboard.storyboard */ = {
			isa = PBXVariantGroup;
			children = (
				8421570A15DBE893004DAD58 /* en */,
			);
			name = MainStoryboard.storyboard;
			sourceTree = "<group>";
		};
/* End PBXVariantGroup section */

/* Begin XCBuildConfiguration section */
		8421570F15DBE893004DAD58 /* Debug */ = {
			isa = XCBuildConfiguration;
			buildSettings = {
				ALWAYS_SEARCH_USER_PATHS = NO;
				ARCHS = "$(ARCHS_STANDARD_32_BIT)";
				CLANG_CXX_LANGUAGE_STANDARD = "gnu++0x";
				CLANG_WARN__DUPLICATE_METHOD_MATCH = YES;
				"CODE_SIGN_IDENTITY[sdk=iphoneos*]" = "iPhone Developer";
				COPY_PHASE_STRIP = NO;
				GCC_C_LANGUAGE_STANDARD = gnu99;
				GCC_DYNAMIC_NO_PIC = NO;
				GCC_OPTIMIZATION_LEVEL = 0;
				GCC_PREPROCESSOR_DEFINITIONS = (
					"DEBUG=1",
					"$(inherited)",
				);
				GCC_SYMBOLS_PRIVATE_EXTERN = NO;
				GCC_VERSION = com.apple.compilers.llvm.clang.1_0;
				GCC_WARN_ABOUT_RETURN_TYPE = YES;
				GCC_WARN_UNINITIALIZED_AUTOS = YES;
				GCC_WARN_UNUSED_VARIABLE = YES;
				IPHONEOS_DEPLOYMENT_TARGET = 5.1;
				SDKROOT = iphoneos;
				TARGETED_DEVICE_FAMILY = 2;
			};
			name = Debug;
		};
		8421571015DBE893004DAD58 /* Release */ = {
			isa = XCBuildConfiguration;
			buildSettings = {
				ALWAYS_SEARCH_USER_PATHS = NO;
				ARCHS = "$(ARCHS_STANDARD_32_BIT)";
				CLANG_CXX_LANGUAGE_STANDARD = "gnu++0x";
				CLANG_WARN__DUPLICATE_METHOD_MATCH = YES;
				"CODE_SIGN_IDENTITY[sdk=iphoneos*]" = "iPhone Developer";
				COPY_PHASE_STRIP = YES;
				GCC_C_LANGUAGE_STANDARD = gnu99;
				GCC_VERSION = com.apple.compilers.llvm.clang.1_0;
				GCC_WARN_ABOUT_RETURN_TYPE = YES;
				GCC_WARN_UNINITIALIZED_AUTOS = YES;
				GCC_WARN_UNUSED_VARIABLE = YES;
				IPHONEOS_DEPLOYMENT_TARGET = 5.1;
				OTHER_CFLAGS = "-DNS_BLOCK_ASSERTIONS=1";
				SDKROOT = iphoneos;
				TARGETED_DEVICE_FAMILY = 2;
				VALIDATE_PRODUCT = YES;
			};
			name = Release;
		};
		8421571215DBE893004DAD58 /* Debug */ = {
			isa = XCBuildConfiguration;
			buildSettings = {
				GCC_PRECOMPILE_PREFIX_HEADER = YES;
				GCC_PREFIX_HEADER = "ArticleLayout/ArticleLayout-Prefix.pch";
				INFOPLIST_FILE = "ArticleLayout/ArticleLayout-Info.plist";
				PRODUCT_NAME = "$(TARGET_NAME)";
				WRAPPER_EXTENSION = app;
			};
			name = Debug;
		};
		8421571315DBE893004DAD58 /* Release */ = {
			isa = XCBuildConfiguration;
			buildSettings = {
				GCC_PRECOMPILE_PREFIX_HEADER = YES;
				GCC_PREFIX_HEADER = "ArticleLayout/ArticleLayout-Prefix.pch";
				INFOPLIST_FILE = "ArticleLayout/ArticleLayout-Info.plist";
				PRODUCT_NAME = "$(TARGET_NAME)";
				WRAPPER_EXTENSION = app;
			};
			name = Release;
		};
/* End XCBuildConfiguration section */

/* Begin XCConfigurationList section */
		842156ED15DBE893004DAD58 /* Build configuration list for PBXProject "ArticleLayout" */ = {
			isa = XCConfigurationList;
			buildConfigurations = (
				8421570F15DBE893004DAD58 /* Debug */,
				8421571015DBE893004DAD58 /* Release */,
			);
			defaultConfigurationIsVisible = 0;
			defaultConfigurationName = Release;
		};
		8421571115DBE893004DAD58 /* Build configuration list for PBXNativeTarget "ArticleLayout" */ = {
			isa = XCConfigurationList;
			buildConfigurations = (
				8421571215DBE893004DAD58 /* Debug */,
				8421571315DBE893004DAD58 /* Release */,
			);
			defaultConfigurationIsVisible = 0;
			defaultConfigurationName = Release;
		};
/* End XCConfigurationList section */
	};
	rootObject = 842156EA15DBE893004DAD58 /* Project object */;
}
