// !$*UTF8*$!
{
	archiveVersion = 1;
	classes = {
	};
	objectVersion = 46;
	objects = {

/* Begin PBXBuildFile section */
		840DC035155D9EDA00E7F4AC /* UIKit.framework in Frameworks */ = {isa = PBXBuildFile; fileRef = 840DC034155D9EDA00E7F4AC /* UIKit.framework */; };
		840DC037155D9EDA00E7F4AC /* Foundation.framework in Frameworks */ = {isa = PBXBuildFile; fileRef = 840DC036155D9EDA00E7F4AC /* Foundation.framework */; };
		840DC039155D9EDA00E7F4AC /* CoreGraphics.framework in Frameworks */ = {isa = PBXBuildFile; fileRef = 840DC038155D9EDA00E7F4AC /* CoreGraphics.framework */; };
		840DC03F155D9EDA00E7F4AC /* InfoPlist.strings in Resources */ = {isa = PBXBuildFile; fileRef = 840DC03D155D9EDA00E7F4AC /* InfoPlist.strings */; };
		840DC041155D9EDA00E7F4AC /* main.m in Sources */ = {isa = PBXBuildFile; fileRef = 840DC040155D9EDA00E7F4AC /* main.m */; };
		840DC045155D9EDA00E7F4AC /* AppDelegate.m in Sources */ = {isa = PBXBuildFile; fileRef = 840DC044155D9EDA00E7F4AC /* AppDelegate.m */; };
		840DC048155D9EDA00E7F4AC /* MainStoryboard.storyboard in Resources */ = {isa = PBXBuildFile; fileRef = 840DC046155D9EDA00E7F4AC /* MainStoryboard.storyboard */; };
		840DC04B155D9EDA00E7F4AC /* ViewController.m in Sources */ = {isa = PBXBuildFile; fileRef = 840DC04A155D9EDA00E7F4AC /* ViewController.m */; };
		840DC053155D9EDA00E7F4AC /* SenTestingKit.framework in Frameworks */ = {isa = PBXBuildFile; fileRef = 840DC052155D9EDA00E7F4AC /* SenTestingKit.framework */; };
		840DC054155D9EDA00E7F4AC /* UIKit.framework in Frameworks */ = {isa = PBXBuildFile; fileRef = 840DC034155D9EDA00E7F4AC /* UIKit.framework */; };
		840DC055155D9EDA00E7F4AC /* Foundation.framework in Frameworks */ = {isa = PBXBuildFile; fileRef = 840DC036155D9EDA00E7F4AC /* Foundation.framework */; };
		840DC05D155D9EDA00E7F4AC /* InfoPlist.strings in Resources */ = {isa = PBXBuildFile; fileRef = 840DC05B155D9EDA00E7F4AC /* InfoPlist.strings */; };
		840DC060155D9EDA00E7F4AC /* CustomMoviePlayerTests.m in Sources */ = {isa = PBXBuildFile; fileRef = 840DC05F155D9EDA00E7F4AC /* CustomMoviePlayerTests.m */; };
		840DC06A155D9EF400E7F4AC /* MediaPlayer.framework in Frameworks */ = {isa = PBXBuildFile; fileRef = 840DC069155D9EF400E7F4AC /* MediaPlayer.framework */; };
/* End PBXBuildFile section */

/* Begin PBXContainerItemProxy section */
		840DC056155D9EDA00E7F4AC /* PBXContainerItemProxy */ = {
			isa = PBXContainerItemProxy;
			containerPortal = 840DC027155D9EDA00E7F4AC /* Project object */;
			proxyType = 1;
			remoteGlobalIDString = 840DC02F155D9EDA00E7F4AC;
			remoteInfo = CustomMoviePlayer;
		};
/* End PBXContainerItemProxy section */

/* Begin PBXFileReference section */
		840DC030155D9EDA00E7F4AC /* CustomMoviePlayer.app */ = {isa = PBXFileReference; explicitFileType = wrapper.application; includeInIndex = 0; path = CustomMoviePlayer.app; sourceTree = BUILT_PRODUCTS_DIR; };
		840DC034155D9EDA00E7F4AC /* UIKit.framework */ = {isa = PBXFileReference; lastKnownFileType = wrapper.framework; name = UIKit.framework; path = System/Library/Frameworks/UIKit.framework; sourceTree = SDKROOT; };
		840DC036155D9EDA00E7F4AC /* Foundation.framework */ = {isa = PBXFileReference; lastKnownFileType = wrapper.framework; name = Foundation.framework; path = System/Library/Frameworks/Foundation.framework; sourceTree = SDKROOT; };
		840DC038155D9EDA00E7F4AC /* CoreGraphics.framework */ = {isa = PBXFileReference; lastKnownFileType = wrapper.framework; name = CoreGraphics.framework; path = System/Library/Frameworks/CoreGraphics.framework; sourceTree = SDKROOT; };
		840DC03C155D9EDA00E7F4AC /* CustomMoviePlayer-Info.plist */ = {isa = PBXFileReference; lastKnownFileType = text.plist.xml; path = "CustomMoviePlayer-Info.plist"; sourceTree = "<group>"; };
		840DC03E155D9EDA00E7F4AC /* en */ = {isa = PBXFileReference; lastKnownFileType = text.plist.strings; name = en; path = en.lproj/InfoPlist.strings; sourceTree = "<group>"; };
		840DC040155D9EDA00E7F4AC /* main.m */ = {isa = PBXFileReference; lastKnownFileType = sourcecode.c.objc; path = main.m; sourceTree = "<group>"; };
		840DC042155D9EDA00E7F4AC /* CustomMoviePlayer-Prefix.pch */ = {isa = PBXFileReference; lastKnownFileType = sourcecode.c.h; path = "CustomMoviePlayer-Prefix.pch"; sourceTree = "<group>"; };
		840DC043155D9EDA00E7F4AC /* AppDelegate.h */ = {isa = PBXFileReference; lastKnownFileType = sourcecode.c.h; path = AppDelegate.h; sourceTree = "<group>"; };
		840DC044155D9EDA00E7F4AC /* AppDelegate.m */ = {isa = PBXFileReference; lastKnownFileType = sourcecode.c.objc; path = AppDelegate.m; sourceTree = "<group>"; };
		840DC047155D9EDA00E7F4AC /* en */ = {isa = PBXFileReference; lastKnownFileType = file.storyboard; name = en; path = en.lproj/MainStoryboard.storyboard; sourceTree = "<group>"; };
		840DC049155D9EDA00E7F4AC /* ViewController.h */ = {isa = PBXFileReference; lastKnownFileType = sourcecode.c.h; path = ViewController.h; sourceTree = "<group>"; };
		840DC04A155D9EDA00E7F4AC /* ViewController.m */ = {isa = PBXFileReference; lastKnownFileType = sourcecode.c.objc; path = ViewController.m; sourceTree = "<group>"; };
		840DC051155D9EDA00E7F4AC /* CustomMoviePlayerTests.octest */ = {isa = PBXFileReference; explicitFileType = wrapper.cfbundle; includeInIndex = 0; path = CustomMoviePlayerTests.octest; sourceTree = BUILT_PRODUCTS_DIR; };
		840DC052155D9EDA00E7F4AC /* SenTestingKit.framework */ = {isa = PBXFileReference; lastKnownFileType = wrapper.framework; name = SenTestingKit.framework; path = Library/Frameworks/SenTestingKit.framework; sourceTree = DEVELOPER_DIR; };
		840DC05A155D9EDA00E7F4AC /* CustomMoviePlayerTests-Info.plist */ = {isa = PBXFileReference; lastKnownFileType = text.plist.xml; path = "CustomMoviePlayerTests-Info.plist"; sourceTree = "<group>"; };
		840DC05C155D9EDA00E7F4AC /* en */ = {isa = PBXFileReference; lastKnownFileType = text.plist.strings; name = en; path = en.lproj/InfoPlist.strings; sourceTree = "<group>"; };
		840DC05E155D9EDA00E7F4AC /* CustomMoviePlayerTests.h */ = {isa = PBXFileReference; lastKnownFileType = sourcecode.c.h; path = CustomMoviePlayerTests.h; sourceTree = "<group>"; };
		840DC05F155D9EDA00E7F4AC /* CustomMoviePlayerTests.m */ = {isa = PBXFileReference; lastKnownFileType = sourcecode.c.objc; path = CustomMoviePlayerTests.m; sourceTree = "<group>"; };
		840DC069155D9EF400E7F4AC /* MediaPlayer.framework */ = {isa = PBXFileReference; lastKnownFileType = wrapper.framework; name = MediaPlayer.framework; path = System/Library/Frameworks/MediaPlayer.framework; sourceTree = SDKROOT; };
/* End PBXFileReference section */

/* Begin PBXFrameworksBuildPhase section */
		840DC02D155D9EDA00E7F4AC /* Frameworks */ = {
			isa = PBXFrameworksBuildPhase;
			buildActionMask = 2147483647;
			files = (
				840DC06A155D9EF400E7F4AC /* MediaPlayer.framework in Frameworks */,
				840DC035155D9EDA00E7F4AC /* UIKit.framework in Frameworks */,
				840DC037155D9EDA00E7F4AC /* Foundation.framework in Frameworks */,
				840DC039155D9EDA00E7F4AC /* CoreGraphics.framework in Frameworks */,
			);
			runOnlyForDeploymentPostprocessing = 0;
		};
		840DC04D155D9EDA00E7F4AC /* Frameworks */ = {
			isa = PBXFrameworksBuildPhase;
			buildActionMask = 2147483647;
			files = (
				840DC053155D9EDA00E7F4AC /* SenTestingKit.framework in Frameworks */,
				840DC054155D9EDA00E7F4AC /* UIKit.framework in Frameworks */,
				840DC055155D9EDA00E7F4AC /* Foundation.framework in Frameworks */,
			);
			runOnlyForDeploymentPostprocessing = 0;
		};
/* End PBXFrameworksBuildPhase section */

/* Begin PBXGroup section */
		840DC025155D9EDA00E7F4AC = {
			isa = PBXGroup;
			children = (
				840DC069155D9EF400E7F4AC /* MediaPlayer.framework */,
				840DC03A155D9EDA00E7F4AC /* CustomMoviePlayer */,
				840DC058155D9EDA00E7F4AC /* CustomMoviePlayerTests */,
				840DC033155D9EDA00E7F4AC /* Frameworks */,
				840DC031155D9EDA00E7F4AC /* Products */,
			);
			sourceTree = "<group>";
		};
		840DC031155D9EDA00E7F4AC /* Products */ = {
			isa = PBXGroup;
			children = (
				840DC030155D9EDA00E7F4AC /* CustomMoviePlayer.app */,
				840DC051155D9EDA00E7F4AC /* CustomMoviePlayerTests.octest */,
			);
			name = Products;
			sourceTree = "<group>";
		};
		840DC033155D9EDA00E7F4AC /* Frameworks */ = {
			isa = PBXGroup;
			children = (
				840DC034155D9EDA00E7F4AC /* UIKit.framework */,
				840DC036155D9EDA00E7F4AC /* Foundation.framework */,
				840DC038155D9EDA00E7F4AC /* CoreGraphics.framework */,
				840DC052155D9EDA00E7F4AC /* SenTestingKit.framework */,
			);
			name = Frameworks;
			sourceTree = "<group>";
		};
		840DC03A155D9EDA00E7F4AC /* CustomMoviePlayer */ = {
			isa = PBXGroup;
			children = (
				840DC043155D9EDA00E7F4AC /* AppDelegate.h */,
				840DC044155D9EDA00E7F4AC /* AppDelegate.m */,
				840DC046155D9EDA00E7F4AC /* MainStoryboard.storyboard */,
				840DC049155D9EDA00E7F4AC /* ViewController.h */,
				840DC04A155D9EDA00E7F4AC /* ViewController.m */,
				840DC03B155D9EDA00E7F4AC /* Supporting Files */,
			);
			path = CustomMoviePlayer;
			sourceTree = "<group>";
		};
		840DC03B155D9EDA00E7F4AC /* Supporting Files */ = {
			isa = PBXGroup;
			children = (
				840DC03C155D9EDA00E7F4AC /* CustomMoviePlayer-Info.plist */,
				840DC03D155D9EDA00E7F4AC /* InfoPlist.strings */,
				840DC040155D9EDA00E7F4AC /* main.m */,
				840DC042155D9EDA00E7F4AC /* CustomMoviePlayer-Prefix.pch */,
			);
			name = "Supporting Files";
			sourceTree = "<group>";
		};
		840DC058155D9EDA00E7F4AC /* CustomMoviePlayerTests */ = {
			isa = PBXGroup;
			children = (
				840DC05E155D9EDA00E7F4AC /* CustomMoviePlayerTests.h */,
				840DC05F155D9EDA00E7F4AC /* CustomMoviePlayerTests.m */,
				840DC059155D9EDA00E7F4AC /* Supporting Files */,
			);
			path = CustomMoviePlayerTests;
			sourceTree = "<group>";
		};
		840DC059155D9EDA00E7F4AC /* Supporting Files */ = {
			isa = PBXGroup;
			children = (
				840DC05A155D9EDA00E7F4AC /* CustomMoviePlayerTests-Info.plist */,
				840DC05B155D9EDA00E7F4AC /* InfoPlist.strings */,
			);
			name = "Supporting Files";
			sourceTree = "<group>";
		};
/* End PBXGroup section */

/* Begin PBXNativeTarget section */
		840DC02F155D9EDA00E7F4AC /* CustomMoviePlayer */ = {
			isa = PBXNativeTarget;
			buildConfigurationList = 840DC063155D9EDA00E7F4AC /* Build configuration list for PBXNativeTarget "CustomMoviePlayer" */;
			buildPhases = (
				840DC02C155D9EDA00E7F4AC /* Sources */,
				840DC02D155D9EDA00E7F4AC /* Frameworks */,
				840DC02E155D9EDA00E7F4AC /* Resources */,
			);
			buildRules = (
			);
			dependencies = (
			);
			name = CustomMoviePlayer;
			productName = CustomMoviePlayer;
			productReference = 840DC030155D9EDA00E7F4AC /* CustomMoviePlayer.app */;
			productType = "com.apple.product-type.application";
		};
		840DC050155D9EDA00E7F4AC /* CustomMoviePlayerTests */ = {
			isa = PBXNativeTarget;
			buildConfigurationList = 840DC066155D9EDA00E7F4AC /* Build configuration list for PBXNativeTarget "CustomMoviePlayerTests" */;
			buildPhases = (
				840DC04C155D9EDA00E7F4AC /* Sources */,
				840DC04D155D9EDA00E7F4AC /* Frameworks */,
				840DC04E155D9EDA00E7F4AC /* Resources */,
				840DC04F155D9EDA00E7F4AC /* ShellScript */,
			);
			buildRules = (
			);
			dependencies = (
				840DC057155D9EDA00E7F4AC /* PBXTargetDependency */,
			);
			name = CustomMoviePlayerTests;
			productName = CustomMoviePlayerTests;
			productReference = 840DC051155D9EDA00E7F4AC /* CustomMoviePlayerTests.octest */;
			productType = "com.apple.product-type.bundle";
		};
/* End PBXNativeTarget section */

/* Begin PBXProject section */
		840DC027155D9EDA00E7F4AC /* Project object */ = {
			isa = PBXProject;
			attributes = {
				LastUpgradeCheck = 0420;
			};
			buildConfigurationList = 840DC02A155D9EDA00E7F4AC /* Build configuration list for PBXProject "CustomMoviePlayer" */;
			compatibilityVersion = "Xcode 3.2";
			developmentRegion = English;
			hasScannedForEncodings = 0;
			knownRegions = (
				en,
			);
			mainGroup = 840DC025155D9EDA00E7F4AC;
			productRefGroup = 840DC031155D9EDA00E7F4AC /* Products */;
			projectDirPath = "";
			projectRoot = "";
			targets = (
				840DC02F155D9EDA00E7F4AC /* CustomMoviePlayer */,
				840DC050155D9EDA00E7F4AC /* CustomMoviePlayerTests */,
			);
		};
/* End PBXProject section */

/* Begin PBXResourcesBuildPhase section */
		840DC02E155D9EDA00E7F4AC /* Resources */ = {
			isa = PBXResourcesBuildPhase;
			buildActionMask = 2147483647;
			files = (
				840DC03F155D9EDA00E7F4AC /* InfoPlist.strings in Resources */,
				840DC048155D9EDA00E7F4AC /* MainStoryboard.storyboard in Resources */,
			);
			runOnlyForDeploymentPostprocessing = 0;
		};
		840DC04E155D9EDA00E7F4AC /* Resources */ = {
			isa = PBXResourcesBuildPhase;
			buildActionMask = 2147483647;
			files = (
				840DC05D155D9EDA00E7F4AC /* InfoPlist.strings in Resources */,
			);
			runOnlyForDeploymentPostprocessing = 0;
		};
/* End PBXResourcesBuildPhase section */

/* Begin PBXShellScriptBuildPhase section */
		840DC04F155D9EDA00E7F4AC /* ShellScript */ = {
			isa = PBXShellScriptBuildPhase;
			buildActionMask = 2147483647;
			files = (
			);
			inputPaths = (
			);
			outputPaths = (
			);
			runOnlyForDeploymentPostprocessing = 0;
			shellPath = /bin/sh;
			shellScript = "# Run the unit tests in this test bundle.\n\"${SYSTEM_DEVELOPER_DIR}/Tools/RunUnitTests\"\n";
		};
/* End PBXShellScriptBuildPhase section */

/* Begin PBXSourcesBuildPhase section */
		840DC02C155D9EDA00E7F4AC /* Sources */ = {
			isa = PBXSourcesBuildPhase;
			buildActionMask = 2147483647;
			files = (
				840DC041155D9EDA00E7F4AC /* main.m in Sources */,
				840DC045155D9EDA00E7F4AC /* AppDelegate.m in Sources */,
				840DC04B155D9EDA00E7F4AC /* ViewController.m in Sources */,
			);
			runOnlyForDeploymentPostprocessing = 0;
		};
		840DC04C155D9EDA00E7F4AC /* Sources */ = {
			isa = PBXSourcesBuildPhase;
			buildActionMask = 2147483647;
			files = (
				840DC060155D9EDA00E7F4AC /* CustomMoviePlayerTests.m in Sources */,
			);
			runOnlyForDeploymentPostprocessing = 0;
		};
/* End PBXSourcesBuildPhase section */

/* Begin PBXTargetDependency section */
		840DC057155D9EDA00E7F4AC /* PBXTargetDependency */ = {
			isa = PBXTargetDependency;
			target = 840DC02F155D9EDA00E7F4AC /* CustomMoviePlayer */;
			targetProxy = 840DC056155D9EDA00E7F4AC /* PBXContainerItemProxy */;
		};
/* End PBXTargetDependency section */

/* Begin PBXVariantGroup section */
		840DC03D155D9EDA00E7F4AC /* InfoPlist.strings */ = {
			isa = PBXVariantGroup;
			children = (
				840DC03E155D9EDA00E7F4AC /* en */,
			);
			name = InfoPlist.strings;
			sourceTree = "<group>";
		};
		840DC046155D9EDA00E7F4AC /* MainStoryboard.storyboard */ = {
			isa = PBXVariantGroup;
			children = (
				840DC047155D9EDA00E7F4AC /* en */,
			);
			name = MainStoryboard.storyboard;
			sourceTree = "<group>";
		};
		840DC05B155D9EDA00E7F4AC /* InfoPlist.strings */ = {
			isa = PBXVariantGroup;
			children = (
				840DC05C155D9EDA00E7F4AC /* en */,
			);
			name = InfoPlist.strings;
			sourceTree = "<group>";
		};
/* End PBXVariantGroup section */

/* Begin XCBuildConfiguration section */
		840DC061155D9EDA00E7F4AC /* Debug */ = {
			isa = XCBuildConfiguration;
			buildSettings = {
				ALWAYS_SEARCH_USER_PATHS = NO;
				ARCHS = "$(ARCHS_STANDARD_32_BIT)";
				CLANG_ENABLE_OBJC_ARC = YES;
				"CODE_SIGN_IDENTITY[sdk=iphoneos*]" = "iPhone Developer";
				COPY_PHASE_STRIP = NO;
				GCC_C_LANGUAGE_STANDARD = gnu99;
				GCC_DYNAMIC_NO_PIC = NO;
				GCC_OPTIMIZATION_LEVEL = 0;
				GCC_PREPROCESSOR_DEFINITIONS = (
					"DEBUG=1",
					"$(inherited)",
				);
				GCC_SYMBOLS_PRIVATE_EXTERN = NO;
				GCC_VERSION = com.apple.compilers.llvm.clang.1_0;
				GCC_WARN_ABOUT_MISSING_PROTOTYPES = YES;
				GCC_WARN_ABOUT_RETURN_TYPE = YES;
				GCC_WARN_UNUSED_VARIABLE = YES;
				IPHONEOS_DEPLOYMENT_TARGET = 5.0;
				SDKROOT = iphoneos;
				TARGETED_DEVICE_FAMILY = 2;
			};
			name = Debug;
		};
		840DC062155D9EDA00E7F4AC /* Release */ = {
			isa = XCBuildConfiguration;
			buildSettings = {
				ALWAYS_SEARCH_USER_PATHS = NO;
				ARCHS = "$(ARCHS_STANDARD_32_BIT)";
				CLANG_ENABLE_OBJC_ARC = YES;
				"CODE_SIGN_IDENTITY[sdk=iphoneos*]" = "iPhone Developer";
				COPY_PHASE_STRIP = YES;
				GCC_C_LANGUAGE_STANDARD = gnu99;
				GCC_VERSION = com.apple.compilers.llvm.clang.1_0;
				GCC_WARN_ABOUT_MISSING_PROTOTYPES = YES;
				GCC_WARN_ABOUT_RETURN_TYPE = YES;
				GCC_WARN_UNUSED_VARIABLE = YES;
				IPHONEOS_DEPLOYMENT_TARGET = 5.0;
				OTHER_CFLAGS = "-DNS_BLOCK_ASSERTIONS=1";
				SDKROOT = iphoneos;
				TARGETED_DEVICE_FAMILY = 2;
				VALIDATE_PRODUCT = YES;
			};
			name = Release;
		};
		840DC064155D9EDA00E7F4AC /* Debug */ = {
			isa = XCBuildConfiguration;
			buildSettings = {
				GCC_PRECOMPILE_PREFIX_HEADER = YES;
				GCC_PREFIX_HEADER = "CustomMoviePlayer/CustomMoviePlayer-Prefix.pch";
				INFOPLIST_FILE = "CustomMoviePlayer/CustomMoviePlayer-Info.plist";
				PRODUCT_NAME = "$(TARGET_NAME)";
				WRAPPER_EXTENSION = app;
			};
			name = Debug;
		};
		840DC065155D9EDA00E7F4AC /* Release */ = {
			isa = XCBuildConfiguration;
			buildSettings = {
				GCC_PRECOMPILE_PREFIX_HEADER = YES;
				GCC_PREFIX_HEADER = "CustomMoviePlayer/CustomMoviePlayer-Prefix.pch";
				INFOPLIST_FILE = "CustomMoviePlayer/CustomMoviePlayer-Info.plist";
				PRODUCT_NAME = "$(TARGET_NAME)";
				WRAPPER_EXTENSION = app;
			};
			name = Release;
		};
		840DC067155D9EDA00E7F4AC /* Debug */ = {
			isa = XCBuildConfiguration;
			buildSettings = {
				BUNDLE_LOADER = "$(BUILT_PRODUCTS_DIR)/CustomMoviePlayer.app/CustomMoviePlayer";
				FRAMEWORK_SEARCH_PATHS = (
					"$(SDKROOT)/Developer/Library/Frameworks",
					"$(DEVELOPER_LIBRARY_DIR)/Frameworks",
				);
				GCC_PRECOMPILE_PREFIX_HEADER = YES;
				GCC_PREFIX_HEADER = "CustomMoviePlayer/CustomMoviePlayer-Prefix.pch";
				INFOPLIST_FILE = "CustomMoviePlayerTests/CustomMoviePlayerTests-Info.plist";
				PRODUCT_NAME = "$(TARGET_NAME)";
				TEST_HOST = "$(BUNDLE_LOADER)";
				WRAPPER_EXTENSION = octest;
			};
			name = Debug;
		};
		840DC068155D9EDA00E7F4AC /* Release */ = {
			isa = XCBuildConfiguration;
			buildSettings = {
				BUNDLE_LOADER = "$(BUILT_PRODUCTS_DIR)/CustomMoviePlayer.app/CustomMoviePlayer";
				FRAMEWORK_SEARCH_PATHS = (
					"$(SDKROOT)/Developer/Library/Frameworks",
					"$(DEVELOPER_LIBRARY_DIR)/Frameworks",
				);
				GCC_PRECOMPILE_PREFIX_HEADER = YES;
				GCC_PREFIX_HEADER = "CustomMoviePlayer/CustomMoviePlayer-Prefix.pch";
				INFOPLIST_FILE = "CustomMoviePlayerTests/CustomMoviePlayerTests-Info.plist";
				PRODUCT_NAME = "$(TARGET_NAME)";
				TEST_HOST = "$(BUNDLE_LOADER)";
				WRAPPER_EXTENSION = octest;
			};
			name = Release;
		};
/* End XCBuildConfiguration section */

/* Begin XCConfigurationList section */
		840DC02A155D9EDA00E7F4AC /* Build configuration list for PBXProject "CustomMoviePlayer" */ = {
			isa = XCConfigurationList;
			buildConfigurations = (
				840DC061155D9EDA00E7F4AC /* Debug */,
				840DC062155D9EDA00E7F4AC /* Release */,
			);
			defaultConfigurationIsVisible = 0;
			defaultConfigurationName = Release;
		};
		840DC063155D9EDA00E7F4AC /* Build configuration list for PBXNativeTarget "CustomMoviePlayer" */ = {
			isa = XCConfigurationList;
			buildConfigurations = (
				840DC064155D9EDA00E7F4AC /* Debug */,
				840DC065155D9EDA00E7F4AC /* Release */,
			);
			defaultConfigurationIsVisible = 0;
		};
		840DC066155D9EDA00E7F4AC /* Build configuration list for PBXNativeTarget "CustomMoviePlayerTests" */ = {
			isa = XCConfigurationList;
			buildConfigurations = (
				840DC067155D9EDA00E7F4AC /* Debug */,
				840DC068155D9EDA00E7F4AC /* Release */,
			);
			defaultConfigurationIsVisible = 0;
		};
/* End XCConfigurationList section */
	};
	rootObject = 840DC027155D9EDA00E7F4AC /* Project object */;
}
